// !$*UTF8*$!
{
	archiveVersion = 1;
	classes = {
	};
	objectVersion = 46;
	objects = {

/* Begin PBXBuildFile section */
		D18CE32DCA867ED67CC75E6B /* libPods.a in Frameworks */ = {isa = PBXBuildFile; fileRef = AE9C53536AD385FF8D7B2F6F /* libPods.a */; };
		DA19461D19F6524B0082F431 /* AVPlayer+RAC.m in Sources */ = {isa = PBXBuildFile; fileRef = DA19461C19F6524B0082F431 /* AVPlayer+RAC.m */; };
		DA19462019F653EF0082F431 /* MenuTVC.m in Sources */ = {isa = PBXBuildFile; fileRef = DA19461F19F653EF0082F431 /* MenuTVC.m */; };
		DA19462319F67B3F0082F431 /* TwoPlayersVC.m in Sources */ = {isa = PBXBuildFile; fileRef = DA19462219F67B3F0082F431 /* TwoPlayersVC.m */; };
		DA6EE87319F6472D00D3C8F4 /* main.m in Sources */ = {isa = PBXBuildFile; fileRef = DA6EE87219F6472D00D3C8F4 /* main.m */; };
		DA6EE87619F6472E00D3C8F4 /* AppDelegate.m in Sources */ = {isa = PBXBuildFile; fileRef = DA6EE87519F6472E00D3C8F4 /* AppDelegate.m */; };
		DA6EE88119F6472E00D3C8F4 /* Images.xcassets in Resources */ = {isa = PBXBuildFile; fileRef = DA6EE88019F6472E00D3C8F4 /* Images.xcassets */; };
		DA6EE88419F6472E00D3C8F4 /* LaunchScreen.xib in Resources */ = {isa = PBXBuildFile; fileRef = DA6EE88219F6472E00D3C8F4 /* LaunchScreen.xib */; };
		DA6EE89019F6472E00D3C8F4 /* airplay_evaluateTests.m in Sources */ = {isa = PBXBuildFile; fileRef = DA6EE88F19F6472E00D3C8F4 /* airplay_evaluateTests.m */; };
		DA6EE89B19F6498100D3C8F4 /* PlayerView.m in Sources */ = {isa = PBXBuildFile; fileRef = DA6EE89A19F6498100D3C8F4 /* PlayerView.m */; };
		DA6EE89D19F649CB00D3C8F4 /* AVFoundation.framework in Frameworks */ = {isa = PBXBuildFile; fileRef = DA6EE89C19F649CB00D3C8F4 /* AVFoundation.framework */; };
		DA6EE8A319F64BC000D3C8F4 /* OnePlayerVC.m in Sources */ = {isa = PBXBuildFile; fileRef = DA6EE8A219F64BC000D3C8F4 /* OnePlayerVC.m */; };
/* End PBXBuildFile section */

/* Begin PBXContainerItemProxy section */
		DA6EE88A19F6472E00D3C8F4 /* PBXContainerItemProxy */ = {
			isa = PBXContainerItemProxy;
			containerPortal = DA6EE86519F6472D00D3C8F4 /* Project object */;
			proxyType = 1;
			remoteGlobalIDString = DA6EE86C19F6472D00D3C8F4;
			remoteInfo = "airplay-evaluate";
		};
/* End PBXContainerItemProxy section */

/* Begin PBXFileReference section */
		2C3F18911B231D0536A59109 /* Pods.release.xcconfig */ = {isa = PBXFileReference; includeInIndex = 1; lastKnownFileType = text.xcconfig; name = Pods.release.xcconfig; path = "Pods/Target Support Files/Pods/Pods.release.xcconfig"; sourceTree = "<group>"; };
		5471E44382CB4FA8449AD498 /* Pods.debug.xcconfig */ = {isa = PBXFileReference; includeInIndex = 1; lastKnownFileType = text.xcconfig; name = Pods.debug.xcconfig; path = "Pods/Target Support Files/Pods/Pods.debug.xcconfig"; sourceTree = "<group>"; };
		AE9C53536AD385FF8D7B2F6F /* libPods.a */ = {isa = PBXFileReference; explicitFileType = archive.ar; includeInIndex = 0; path = libPods.a; sourceTree = BUILT_PRODUCTS_DIR; };
		DA19461B19F6524B0082F431 /* AVPlayer+RAC.h */ = {isa = PBXFileReference; fileEncoding = 4; lastKnownFileType = sourcecode.c.h; path = "AVPlayer+RAC.h"; sourceTree = "<group>"; };
		DA19461C19F6524B0082F431 /* AVPlayer+RAC.m */ = {isa = PBXFileReference; fileEncoding = 4; lastKnownFileType = sourcecode.c.objc; path = "AVPlayer+RAC.m"; sourceTree = "<group>"; };
		DA19461E19F653EF0082F431 /* MenuTVC.h */ = {isa = PBXFileReference; fileEncoding = 4; lastKnownFileType = sourcecode.c.h; path = MenuTVC.h; sourceTree = "<group>"; };
		DA19461F19F653EF0082F431 /* MenuTVC.m */ = {isa = PBXFileReference; fileEncoding = 4; lastKnownFileType = sourcecode.c.objc; path = MenuTVC.m; sourceTree = "<group>"; };
		DA19462119F67B3F0082F431 /* TwoPlayersVC.h */ = {isa = PBXFileReference; fileEncoding = 4; lastKnownFileType = sourcecode.c.h; path = TwoPlayersVC.h; sourceTree = "<group>"; };
		DA19462219F67B3F0082F431 /* TwoPlayersVC.m */ = {isa = PBXFileReference; fileEncoding = 4; lastKnownFileType = sourcecode.c.objc; path = TwoPlayersVC.m; sourceTree = "<group>"; };
		DA19462419F67DB60082F431 /* Config.h */ = {isa = PBXFileReference; lastKnownFileType = sourcecode.c.h; path = Config.h; sourceTree = "<group>"; };
		DA6EE86D19F6472D00D3C8F4 /* airplay-evaluate.app */ = {isa = PBXFileReference; explicitFileType = wrapper.application; includeInIndex = 0; path = "airplay-evaluate.app"; sourceTree = BUILT_PRODUCTS_DIR; };
		DA6EE87119F6472D00D3C8F4 /* Info.plist */ = {isa = PBXFileReference; lastKnownFileType = text.plist.xml; path = Info.plist; sourceTree = "<group>"; };
		DA6EE87219F6472D00D3C8F4 /* main.m */ = {isa = PBXFileReference; lastKnownFileType = sourcecode.c.objc; path = main.m; sourceTree = "<group>"; };
		DA6EE87419F6472E00D3C8F4 /* AppDelegate.h */ = {isa = PBXFileReference; lastKnownFileType = sourcecode.c.h; path = AppDelegate.h; sourceTree = "<group>"; };
		DA6EE87519F6472E00D3C8F4 /* AppDelegate.m */ = {isa = PBXFileReference; lastKnownFileType = sourcecode.c.objc; path = AppDelegate.m; sourceTree = "<group>"; };
		DA6EE88019F6472E00D3C8F4 /* Images.xcassets */ = {isa = PBXFileReference; lastKnownFileType = folder.assetcatalog; path = Images.xcassets; sourceTree = "<group>"; };
		DA6EE88319F6472E00D3C8F4 /* Base */ = {isa = PBXFileReference; lastKnownFileType = file.xib; name = Base; path = Base.lproj/LaunchScreen.xib; sourceTree = "<group>"; };
		DA6EE88919F6472E00D3C8F4 /* airplay-evaluateTests.xctest */ = {isa = PBXFileReference; explicitFileType = wrapper.cfbundle; includeInIndex = 0; path = "airplay-evaluateTests.xctest"; sourceTree = BUILT_PRODUCTS_DIR; };
		DA6EE88E19F6472E00D3C8F4 /* Info.plist */ = {isa = PBXFileReference; lastKnownFileType = text.plist.xml; path = Info.plist; sourceTree = "<group>"; };
		DA6EE88F19F6472E00D3C8F4 /* airplay_evaluateTests.m */ = {isa = PBXFileReference; lastKnownFileType = sourcecode.c.objc; path = airplay_evaluateTests.m; sourceTree = "<group>"; };
		DA6EE89919F6498100D3C8F4 /* PlayerView.h */ = {isa = PBXFileReference; fileEncoding = 4; lastKnownFileType = sourcecode.c.h; path = PlayerView.h; sourceTree = "<group>"; };
		DA6EE89A19F6498100D3C8F4 /* PlayerView.m */ = {isa = PBXFileReference; fileEncoding = 4; lastKnownFileType = sourcecode.c.objc; path = PlayerView.m; sourceTree = "<group>"; };
		DA6EE89C19F649CB00D3C8F4 /* AVFoundation.framework */ = {isa = PBXFileReference; lastKnownFileType = wrapper.framework; name = AVFoundation.framework; path = System/Library/Frameworks/AVFoundation.framework; sourceTree = SDKROOT; };
		DA6EE8A119F64BC000D3C8F4 /* OnePlayerVC.h */ = {isa = PBXFileReference; fileEncoding = 4; lastKnownFileType = sourcecode.c.h; path = OnePlayerVC.h; sourceTree = "<group>"; };
		DA6EE8A219F64BC000D3C8F4 /* OnePlayerVC.m */ = {isa = PBXFileReference; fileEncoding = 4; lastKnownFileType = sourcecode.c.objc; path = OnePlayerVC.m; sourceTree = "<group>"; };
/* End PBXFileReference section */

/* Begin PBXFrameworksBuildPhase section */
		DA6EE86A19F6472D00D3C8F4 /* Frameworks */ = {
			isa = PBXFrameworksBuildPhase;
			buildActionMask = 2147483647;
			files = (
				DA6EE89D19F649CB00D3C8F4 /* AVFoundation.framework in Frameworks */,
				D18CE32DCA867ED67CC75E6B /* libPods.a in Frameworks */,
			);
			runOnlyForDeploymentPostprocessing = 0;
		};
		DA6EE88619F6472E00D3C8F4 /* Frameworks */ = {
			isa = PBXFrameworksBuildPhase;
			buildActionMask = 2147483647;
			files = (
			);
			runOnlyForDeploymentPostprocessing = 0;
		};
/* End PBXFrameworksBuildPhase section */

/* Begin PBXGroup section */
		A31D3D713C68654A6B1D408F /* Frameworks */ = {
			isa = PBXGroup;
			children = (
				AE9C53536AD385FF8D7B2F6F /* libPods.a */,
			);
			name = Frameworks;
			sourceTree = "<group>";
		};
		DA6EE86419F6472D00D3C8F4 = {
			isa = PBXGroup;
			children = (
				DA6EE89C19F649CB00D3C8F4 /* AVFoundation.framework */,
				DA6EE86F19F6472D00D3C8F4 /* airplay-evaluate */,
				DA6EE88C19F6472E00D3C8F4 /* airplay-evaluateTests */,
				DA6EE86E19F6472D00D3C8F4 /* Products */,
				E58DAD93B83337B8CD438598 /* Pods */,
				A31D3D713C68654A6B1D408F /* Frameworks */,
			);
			sourceTree = "<group>";
		};
		DA6EE86E19F6472D00D3C8F4 /* Products */ = {
			isa = PBXGroup;
			children = (
				DA6EE86D19F6472D00D3C8F4 /* airplay-evaluate.app */,
				DA6EE88919F6472E00D3C8F4 /* airplay-evaluateTests.xctest */,
			);
			name = Products;
			sourceTree = "<group>";
		};
		DA6EE86F19F6472D00D3C8F4 /* airplay-evaluate */ = {
			isa = PBXGroup;
			children = (
				DA19461B19F6524B0082F431 /* AVPlayer+RAC.h */,
				DA19462419F67DB60082F431 /* Config.h */,
				DA19461C19F6524B0082F431 /* AVPlayer+RAC.m */,
				DA6EE87419F6472E00D3C8F4 /* AppDelegate.h */,
				DA6EE87519F6472E00D3C8F4 /* AppDelegate.m */,
				DA19461E19F653EF0082F431 /* MenuTVC.h */,
				DA19461F19F653EF0082F431 /* MenuTVC.m */,
				DA19462119F67B3F0082F431 /* TwoPlayersVC.h */,
				DA19462219F67B3F0082F431 /* TwoPlayersVC.m */,
				DA6EE8A119F64BC000D3C8F4 /* OnePlayerVC.h */,
				DA6EE8A219F64BC000D3C8F4 /* OnePlayerVC.m */,
				DA6EE89919F6498100D3C8F4 /* PlayerView.h */,
				DA6EE89A19F6498100D3C8F4 /* PlayerView.m */,
				DA6EE88019F6472E00D3C8F4 /* Images.xcassets */,
				DA6EE88219F6472E00D3C8F4 /* LaunchScreen.xib */,
				DA6EE87019F6472D00D3C8F4 /* Supporting Files */,
			);
			path = "airplay-evaluate";
			sourceTree = "<group>";
		};
		DA6EE87019F6472D00D3C8F4 /* Supporting Files */ = {
			isa = PBXGroup;
			children = (
				DA6EE87119F6472D00D3C8F4 /* Info.plist */,
				DA6EE87219F6472D00D3C8F4 /* main.m */,
			);
			name = "Supporting Files";
			sourceTree = "<group>";
		};
		DA6EE88C19F6472E00D3C8F4 /* airplay-evaluateTests */ = {
			isa = PBXGroup;
			children = (
				DA6EE88F19F6472E00D3C8F4 /* airplay_evaluateTests.m */,
				DA6EE88D19F6472E00D3C8F4 /* Supporting Files */,
			);
			path = "airplay-evaluateTests";
			sourceTree = "<group>";
		};
		DA6EE88D19F6472E00D3C8F4 /* Supporting Files */ = {
			isa = PBXGroup;
			children = (
				DA6EE88E19F6472E00D3C8F4 /* Info.plist */,
			);
			name = "Supporting Files";
			sourceTree = "<group>";
		};
		E58DAD93B83337B8CD438598 /* Pods */ = {
			isa = PBXGroup;
			children = (
				5471E44382CB4FA8449AD498 /* Pods.debug.xcconfig */,
				2C3F18911B231D0536A59109 /* Pods.release.xcconfig */,
			);
			name = Pods;
			sourceTree = "<group>";
		};
/* End PBXGroup section */

/* Begin PBXNativeTarget section */
		DA6EE86C19F6472D00D3C8F4 /* airplay-evaluate */ = {
			isa = PBXNativeTarget;
			buildConfigurationList = DA6EE89319F6472E00D3C8F4 /* Build configuration list for PBXNativeTarget "airplay-evaluate" */;
			buildPhases = (
				7C0EB032A76F4D01F73F8163 /* Check Pods Manifest.lock */,
				DA6EE86919F6472D00D3C8F4 /* Sources */,
				DA6EE86A19F6472D00D3C8F4 /* Frameworks */,
				DA6EE86B19F6472D00D3C8F4 /* Resources */,
				A7A80E5DB9A6471B2AFF4FF7 /* Copy Pods Resources */,
			);
			buildRules = (
			);
			dependencies = (
			);
			name = "airplay-evaluate";
			productName = "airplay-evaluate";
			productReference = DA6EE86D19F6472D00D3C8F4 /* airplay-evaluate.app */;
			productType = "com.apple.product-type.application";
		};
		DA6EE88819F6472E00D3C8F4 /* airplay-evaluateTests */ = {
			isa = PBXNativeTarget;
			buildConfigurationList = DA6EE89619F6472E00D3C8F4 /* Build configuration list for PBXNativeTarget "airplay-evaluateTests" */;
			buildPhases = (
				DA6EE88519F6472E00D3C8F4 /* Sources */,
				DA6EE88619F6472E00D3C8F4 /* Frameworks */,
				DA6EE88719F6472E00D3C8F4 /* Resources */,
			);
			buildRules = (
			);
			dependencies = (
				DA6EE88B19F6472E00D3C8F4 /* PBXTargetDependency */,
			);
			name = "airplay-evaluateTests";
			productName = "airplay-evaluateTests";
			productReference = DA6EE88919F6472E00D3C8F4 /* airplay-evaluateTests.xctest */;
			productType = "com.apple.product-type.bundle.unit-test";
		};
/* End PBXNativeTarget section */

/* Begin PBXProject section */
		DA6EE86519F6472D00D3C8F4 /* Project object */ = {
			isa = PBXProject;
			attributes = {
				LastUpgradeCheck = 0600;
				ORGANIZATIONNAME = Monterosa;
				TargetAttributes = {
					DA6EE86C19F6472D00D3C8F4 = {
						CreatedOnToolsVersion = 6.0.1;
						SystemCapabilities = {
							com.apple.BackgroundModes = {
								enabled = 1;
							};
						};
					};
					DA6EE88819F6472E00D3C8F4 = {
						CreatedOnToolsVersion = 6.0.1;
						TestTargetID = DA6EE86C19F6472D00D3C8F4;
					};
				};
			};
			buildConfigurationList = DA6EE86819F6472D00D3C8F4 /* Build configuration list for PBXProject "airplay-evaluate" */;
			compatibilityVersion = "Xcode 3.2";
			developmentRegion = English;
			hasScannedForEncodings = 0;
			knownRegions = (
				en,
				Base,
			);
			mainGroup = DA6EE86419F6472D00D3C8F4;
			productRefGroup = DA6EE86E19F6472D00D3C8F4 /* Products */;
			projectDirPath = "";
			projectRoot = "";
			targets = (
				DA6EE86C19F6472D00D3C8F4 /* airplay-evaluate */,
				DA6EE88819F6472E00D3C8F4 /* airplay-evaluateTests */,
			);
		};
/* End PBXProject section */

/* Begin PBXResourcesBuildPhase section */
		DA6EE86B19F6472D00D3C8F4 /* Resources */ = {
			isa = PBXResourcesBuildPhase;
			buildActionMask = 2147483647;
			files = (
				DA6EE88419F6472E00D3C8F4 /* LaunchScreen.xib in Resources */,
				DA6EE88119F6472E00D3C8F4 /* Images.xcassets in Resources */,
			);
			runOnlyForDeploymentPostprocessing = 0;
		};
		DA6EE88719F6472E00D3C8F4 /* Resources */ = {
			isa = PBXResourcesBuildPhase;
			buildActionMask = 2147483647;
			files = (
			);
			runOnlyForDeploymentPostprocessing = 0;
		};
/* End PBXResourcesBuildPhase section */

/* Begin PBXShellScriptBuildPhase section */
		7C0EB032A76F4D01F73F8163 /* Check Pods Manifest.lock */ = {
			isa = PBXShellScriptBuildPhase;
			buildActionMask = 2147483647;
			files = (
			);
			inputPaths = (
			);
			name = "Check Pods Manifest.lock";
			outputPaths = (
			);
			runOnlyForDeploymentPostprocessing = 0;
			shellPath = /bin/sh;
			shellScript = "diff \"${PODS_ROOT}/../Podfile.lock\" \"${PODS_ROOT}/Manifest.lock\" > /dev/null\nif [[ $? != 0 ]] ; then\n    cat << EOM\nerror: The sandbox is not in sync with the Podfile.lock. Run 'pod install' or update your CocoaPods installation.\nEOM\n    exit 1\nfi\n";
			showEnvVarsInLog = 0;
		};
		A7A80E5DB9A6471B2AFF4FF7 /* Copy Pods Resources */ = {
			isa = PBXShellScriptBuildPhase;
			buildActionMask = 2147483647;
			files = (
			);
			inputPaths = (
			);
			name = "Copy Pods Resources";
			outputPaths = (
			);
			runOnlyForDeploymentPostprocessing = 0;
			shellPath = /bin/sh;
			shellScript = "\"${SRCROOT}/Pods/Target Support Files/Pods/Pods-resources.sh\"\n";
			showEnvVarsInLog = 0;
		};
/* End PBXShellScriptBuildPhase section */

/* Begin PBXSourcesBuildPhase section */
		DA6EE86919F6472D00D3C8F4 /* Sources */ = {
			isa = PBXSourcesBuildPhase;
			buildActionMask = 2147483647;
			files = (
				DA6EE8A319F64BC000D3C8F4 /* OnePlayerVC.m in Sources */,
				DA6EE87619F6472E00D3C8F4 /* AppDelegate.m in Sources */,
				DA6EE89B19F6498100D3C8F4 /* PlayerView.m in Sources */,
				DA19462319F67B3F0082F431 /* TwoPlayersVC.m in Sources */,
				DA6EE87319F6472D00D3C8F4 /* main.m in Sources */,
				DA19462019F653EF0082F431 /* MenuTVC.m in Sources */,
				DA19461D19F6524B0082F431 /* AVPlayer+RAC.m in Sources */,
			);
			runOnlyForDeploymentPostprocessing = 0;
		};
		DA6EE88519F6472E00D3C8F4 /* Sources */ = {
			isa = PBXSourcesBuildPhase;
			buildActionMask = 2147483647;
			files = (
				DA6EE89019F6472E00D3C8F4 /* airplay_evaluateTests.m in Sources */,
			);
			runOnlyForDeploymentPostprocessing = 0;
		};
/* End PBXSourcesBuildPhase section */

/* Begin PBXTargetDependency section */
		DA6EE88B19F6472E00D3C8F4 /* PBXTargetDependency */ = {
			isa = PBXTargetDependency;
			target = DA6EE86C19F6472D00D3C8F4 /* airplay-evaluate */;
			targetProxy = DA6EE88A19F6472E00D3C8F4 /* PBXContainerItemProxy */;
		};
/* End PBXTargetDependency section */

/* Begin PBXVariantGroup section */
		DA6EE88219F6472E00D3C8F4 /* LaunchScreen.xib */ = {
			isa = PBXVariantGroup;
			children = (
				DA6EE88319F6472E00D3C8F4 /* Base */,
			);
			name = LaunchScreen.xib;
			sourceTree = "<group>";
		};
/* End PBXVariantGroup section */

/* Begin XCBuildConfiguration section */
		DA6EE89119F6472E00D3C8F4 /* Debug */ = {
			isa = XCBuildConfiguration;
			buildSettings = {
				ALWAYS_SEARCH_USER_PATHS = NO;
				CLANG_CXX_LANGUAGE_STANDARD = "gnu++0x";
				CLANG_CXX_LIBRARY = "libc++";
				CLANG_ENABLE_MODULES = YES;
				CLANG_ENABLE_OBJC_ARC = YES;
				CLANG_WARN_BOOL_CONVERSION = YES;
				CLANG_WARN_CONSTANT_CONVERSION = YES;
				CLANG_WARN_DIRECT_OBJC_ISA_USAGE = YES_ERROR;
				CLANG_WARN_EMPTY_BODY = YES;
				CLANG_WARN_ENUM_CONVERSION = YES;
				CLANG_WARN_INT_CONVERSION = YES;
				CLANG_WARN_OBJC_ROOT_CLASS = YES_ERROR;
				CLANG_WARN_UNREACHABLE_CODE = YES;
				CLANG_WARN__DUPLICATE_METHOD_MATCH = YES;
				"CODE_SIGN_IDENTITY[sdk=iphoneos*]" = "iPhone Developer";
				COPY_PHASE_STRIP = NO;
				ENABLE_STRICT_OBJC_MSGSEND = YES;
				GCC_C_LANGUAGE_STANDARD = gnu99;
				GCC_DYNAMIC_NO_PIC = NO;
				GCC_OPTIMIZATION_LEVEL = 0;
				GCC_PREPROCESSOR_DEFINITIONS = (
					"DEBUG=1",
					"$(inherited)",
				);
				GCC_SYMBOLS_PRIVATE_EXTERN = NO;
				GCC_WARN_64_TO_32_BIT_CONVERSION = YES;
				GCC_WARN_ABOUT_RETURN_TYPE = YES_ERROR;
				GCC_WARN_UNDECLARED_SELECTOR = YES;
				GCC_WARN_UNINITIALIZED_AUTOS = YES_AGGRESSIVE;
				GCC_WARN_UNUSED_FUNCTION = YES;
				GCC_WARN_UNUSED_VARIABLE = YES;
				IPHONEOS_DEPLOYMENT_TARGET = 8.0;
				MTL_ENABLE_DEBUG_INFO = YES;
				ONLY_ACTIVE_ARCH = YES;
				SDKROOT = iphoneos;
				TARGETED_DEVICE_FAMILY = "1,2";
			};
			name = Debug;
		};
		DA6EE89219F6472E00D3C8F4 /* Release */ = {
			isa = XCBuildConfiguration;
			buildSettings = {
				ALWAYS_SEARCH_USER_PATHS = NO;
				CLANG_CXX_LANGUAGE_STANDARD = "gnu++0x";
				CLANG_CXX_LIBRARY = "libc++";
				CLANG_ENABLE_MODULES = YES;
				CLANG_ENABLE_OBJC_ARC = YES;
				CLANG_WARN_BOOL_CONVERSION = YES;
				CLANG_WARN_CONSTANT_CONVERSION = YES;
				CLANG_WARN_DIRECT_OBJC_ISA_USAGE = YES_ERROR;
				CLANG_WARN_EMPTY_BODY = YES;
				CLANG_WARN_ENUM_CONVERSION = YES;
				CLANG_WARN_INT_CONVERSION = YES;
				CLANG_WARN_OBJC_ROOT_CLASS = YES_ERROR;
				CLANG_WARN_UNREACHABLE_CODE = YES;
				CLANG_WARN__DUPLICATE_METHOD_MATCH = YES;
				"CODE_SIGN_IDENTITY[sdk=iphoneos*]" = "iPhone Developer";
				COPY_PHASE_STRIP = YES;
				ENABLE_NS_ASSERTIONS = NO;
				ENABLE_STRICT_OBJC_MSGSEND = YES;
				GCC_C_LANGUAGE_STANDARD = gnu99;
				GCC_WARN_64_TO_32_BIT_CONVERSION = YES;
				GCC_WARN_ABOUT_RETURN_TYPE = YES_ERROR;
				GCC_WARN_UNDECLARED_SELECTOR = YES;
				GCC_WARN_UNINITIALIZED_AUTOS = YES_AGGRESSIVE;
				GCC_WARN_UNUSED_FUNCTION = YES;
				GCC_WARN_UNUSED_VARIABLE = YES;
				IPHONEOS_DEPLOYMENT_TARGET = 8.0;
				MTL_ENABLE_DEBUG_INFO = NO;
				SDKROOT = iphoneos;
				TARGETED_DEVICE_FAMILY = "1,2";
				VALIDATE_PRODUCT = YES;
			};
			name = Release;
		};
		DA6EE89419F6472E00D3C8F4 /* Debug */ = {
			isa = XCBuildConfiguration;
			baseConfigurationReference = 5471E44382CB4FA8449AD498 /* Pods.debug.xcconfig */;
			buildSettings = {
				ASSETCATALOG_COMPILER_APPICON_NAME = AppIcon;
				CODE_SIGN_IDENTITY = "iPhone Developer: Anders Frank (537K68YTAY)";
				INFOPLIST_FILE = "airplay-evaluate/Info.plist";
				LD_RUNPATH_SEARCH_PATHS = "$(inherited) @executable_path/Frameworks";
				PRODUCT_NAME = "$(TARGET_NAME)";
				PROVISIONING_PROFILE = "0e179124-3d03-487b-a8c9-5e5add0c8d5e";
			};
			name = Debug;
		};
		DA6EE89519F6472E00D3C8F4 /* Release */ = {
			isa = XCBuildConfiguration;
			baseConfigurationReference = 2C3F18911B231D0536A59109 /* Pods.release.xcconfig */;
			buildSettings = {
				ASSETCATALOG_COMPILER_APPICON_NAME = AppIcon;
				CODE_SIGN_IDENTITY = "iPhone Developer: Anders Frank (537K68YTAY)";
				INFOPLIST_FILE = "airplay-evaluate/Info.plist";
				LD_RUNPATH_SEARCH_PATHS = "$(inherited) @executable_path/Frameworks";
				PRODUCT_NAME = "$(TARGET_NAME)";
				PROVISIONING_PROFILE = "0e179124-3d03-487b-a8c9-5e5add0c8d5e";
			};
			name = Release;
		};
		DA6EE89719F6472E00D3C8F4 /* Debug */ = {
			isa = XCBuildConfiguration;
			buildSettings = {
				BUNDLE_LOADER = "$(TEST_HOST)";
				FRAMEWORK_SEARCH_PATHS = (
					"$(SDKROOT)/Developer/Library/Frameworks",
					"$(inherited)",
				);
				GCC_PREPROCESSOR_DEFINITIONS = (
					"DEBUG=1",
					"$(inherited)",
				);
				INFOPLIST_FILE = "airplay-evaluateTests/Info.plist";
				LD_RUNPATH_SEARCH_PATHS = "$(inherited) @executable_path/Frameworks @loader_path/Frameworks";
				PRODUCT_NAME = "$(TARGET_NAME)";
				TEST_HOST = "$(BUILT_PRODUCTS_DIR)/airplay-evaluate.app/airplay-evaluate";
			};
			name = Debug;
		};
		DA6EE89819F6472E00D3C8F4 /* Release */ = {
			isa = XCBuildConfiguration;
			buildSettings = {
				BUNDLE_LOADER = "$(TEST_HOST)";
				FRAMEWORK_SEARCH_PATHS = (
					"$(SDKROOT)/Developer/Library/Frameworks",
					"$(inherited)",
				);
				INFOPLIST_FILE = "airplay-evaluateTests/Info.plist";
				LD_RUNPATH_SEARCH_PATHS = "$(inherited) @executable_path/Frameworks @loader_path/Frameworks";
				PRODUCT_NAME = "$(TARGET_NAME)";
				TEST_HOST = "$(BUILT_PRODUCTS_DIR)/airplay-evaluate.app/airplay-evaluate";
			};
			name = Release;
		};
/* End XCBuildConfiguration section */

/* Begin XCConfigurationList section */
		DA6EE86819F6472D00D3C8F4 /* Build configuration list for PBXProject "airplay-evaluate" */ = {
			isa = XCConfigurationList;
			buildConfigurations = (
				DA6EE89119F6472E00D3C8F4 /* Debug */,
				DA6EE89219F6472E00D3C8F4 /* Release */,
			);
			defaultConfigurationIsVisible = 0;
			defaultConfigurationName = Release;
		};
		DA6EE89319F6472E00D3C8F4 /* Build configuration list for PBXNativeTarget "airplay-evaluate" */ = {
			isa = XCConfigurationList;
			buildConfigurations = (
				DA6EE89419F6472E00D3C8F4 /* Debug */,
				DA6EE89519F6472E00D3C8F4 /* Release */,
			);
			defaultConfigurationIsVisible = 0;
			defaultConfigurationName = Release;
		};
		DA6EE89619F6472E00D3C8F4 /* Build configuration list for PBXNativeTarget "airplay-evaluateTests" */ = {
			isa = XCConfigurationList;
			buildConfigurations = (
				DA6EE89719F6472E00D3C8F4 /* Debug */,
				DA6EE89819F6472E00D3C8F4 /* Release */,
			);
			defaultConfigurationIsVisible = 0;
			defaultConfigurationName = Release;
		};
/* End XCConfigurationList section */
	};
	rootObject = DA6EE86519F6472D00D3C8F4 /* Project object */;
}
